
Microsoft Visual Studio Solution File, Format Version 12.00
# Visual Studio Version 16
VisualStudioVersion = 16.0.30011.22
MinimumVisualStudioVersion = 10.0.40219.1
Project("{FAE04EC0-301F-11D3-BF4B-00C04F79EFBC}") = "ToneGenerator", "ToneGenerator\ToneGenerator.csproj", "{C783F0E8-ED83-47AB-B9CA-9FF79B2B074E}"
EndProject
Project("{FAE04EC0-301F-11D3-BF4B-00C04F79EFBC}") = "RiffData", "RiffData\RiffData.csproj", "{8B1B4F99-03CE-4E63-A8FC-8DAF999FBE39}"
EndProject
Project("{FAE04EC0-301F-11D3-BF4B-00C04F79EFBC}") = "RiffWave", "RiffWave\RiffWave.csproj", "{8DCE901A-D14A-45FE-BF41-39A9AB44CBED}"
EndProject
Global
	GlobalSection(SolutionConfigurationPlatforms) = preSolution
		Debug|Any CPU = Debug|Any CPU
		Release|Any CPU = Release|Any CPU
	EndGlobalSection
	GlobalSection(ProjectConfigurationPlatforms) = postSolution
		{C783F0E8-ED83-47AB-B9CA-9FF79B2B074E}.Debug|Any CPU.ActiveCfg = Debug|Any CPU
		{C783F0E8-ED83-47AB-B9CA-9FF79B2B074E}.Debug|Any CPU.Build.0 = Debug|Any CPU
		{C783F0E8-ED83-47AB-B9CA-9FF79B2B074E}.Release|Any CPU.ActiveCfg = Release|Any CPU
		{C783F0E8-ED83-47AB-B9CA-9FF79B2B074E}.Release|Any CPU.Build.0 = Release|Any CPU
		{8B1B4F99-03CE-4E63-A8FC-8DAF999FBE39}.Debug|Any CPU.ActiveCfg = Debug|Any CPU
		{8B1B4F99-03CE-4E63-A8FC-8DAF999FBE39}.Debug|Any CPU.Build.0 = Debug|Any CPU
		{8B1B4F99-03CE-4E63-A8FC-8DAF999FBE39}.Release|Any CPU.ActiveCfg = Release|Any CPU
		{8B1B4F99-03CE-4E63-A8FC-8DAF999FBE39}.Release|Any CPU.Build.0 = Release|Any CPU
		{8DCE901A-D14A-45FE-BF41-39A9AB44CBED}.Debug|Any CPU.ActiveCfg = Debug|Any CPU
		{8DCE901A-D14A-45FE-BF41-39A9AB44CBED}.Debug|Any CPU.Build.0 = Debug|Any CPU
		{8DCE901A-D14A-45FE-BF41-39A9AB44CBED}.Release|Any CPU.ActiveCfg = Release|Any CPU
		{8DCE901A-D14A-45FE-BF41-39A9AB44CBED}.Release|Any CPU.Build.0 = Release|Any CPU
	EndGlobalSection
	GlobalSection(SolutionProperties) = preSolution
		HideSolutionNode = FALSE
	EndGlobalSection
	GlobalSection(ExtensibilityGlobals) = postSolution
		SolutionGuid = {25052BC3-68D2-4B88-AB9C-BC06B9E43735}
	EndGlobalSection
EndGlobal
